// !$*UTF8*$!
{
	archiveVersion = 1;
	classes = {
	};
	objectVersion = 77;
	objects = {

/* Begin PBXBuildFile section */
		0EBD7E30405AD0405C872A3E /* AppState.swift in Sources */ = {isa = PBXBuildFile; fileRef = D5AC16C148644D0788C666B1 /* AppState.swift */; };
		1671E1D6B968196669110AC2 /* OnboardingServidorView.swift in Sources */ = {isa = PBXBuildFile; fileRef = 7F4E14F22DD64746ADF2A56C /* OnboardingServidorView.swift */; };
		2916B883928C0E0406EBAB42 /* CuadreCajaEndpoint.swift in Sources */ = {isa = PBXBuildFile; fileRef = 3C862E4928EE970BA179F777 /* CuadreCajaEndpoint.swift */; };
		2B175427A674405E7EBAF65C /* Producto.swift in Sources */ = {isa = PBXBuildFile; fileRef = B6BBF739E562A81EBF5FA08D /* Producto.swift */; };
		38729985F6F5BEF73C524205 /* MainScreen.swift in Sources */ = {isa = PBXBuildFile; fileRef = 12233DB7E23CC18432B9AB99 /* MainScreen.swift */; };
		3B3875B4A357197461752A77 /* FacturaInvent2App.swift in Sources */ = {isa = PBXBuildFile; fileRef = D47346BAFE6BA2B4B898A1C4 /* FacturaInvent2App.swift */; };
		3D097910A98F69DB4A842225 /* MacOSSupport.swift in Sources */ = {isa = PBXBuildFile; fileRef = D786A01200B9F33146BA90AB /* MacOSSupport.swift */; };
		3FBF70232546CA89736B8753 /* ProductosEndpoint.swift in Sources */ = {isa = PBXBuildFile; fileRef = 67FC05D6EBED6F1EC6308EAB /* ProductosEndpoint.swift */; };
		4204DE21022D2CD9DF80944F /* GmailInvoiceFetcher.swift in Sources */ = {isa = PBXBuildFile; fileRef = 46C8C8ABDA1BE138F198FFE5 /* GmailInvoiceFetcher.swift */; };
		505681FDC13AE9C12E285DEB /* ServerConfig.swift in Sources */ = {isa = PBXBuildFile; fileRef = 11FDCA83090A1C333D66062F /* ServerConfig.swift */; };
		541C58482F5762267FD6AECD /* ImportarXMLView.swift in Sources */ = {isa = PBXBuildFile; fileRef = D4156C5E55E7B151F43C5BE7 /* ImportarXMLView.swift */; };
		5490E2AC07C79248C15D2F9A /* GoogleSignIn in Frameworks */ = {isa = PBXBuildFile; productRef = 06B7BBA2ECE48B1E8D57A963 /* GoogleSignIn */; };
		57DE4EAD5E1B348FA4D65508 /* CuadreCajaHistorial.swift in Sources */ = {isa = PBXBuildFile; fileRef = 8517E5990486A085C20D2B47 /* CuadreCajaHistorial.swift */; };
		5C4F2519F6F2EB55488023F4 /* XMLFacturaParser.swift in Sources */ = {isa = PBXBuildFile; fileRef = FC82526AD97B8F24339859FF /* XMLFacturaParser.swift */; };
		657C5CA7EC1B09669C3ADECE /* CuadreCajaForm.swift in Sources */ = {isa = PBXBuildFile; fileRef = 072C222DFAC9B46C09CB496E /* CuadreCajaForm.swift */; };
		6D520F474E406501D0087EA9 /* AjustesView.swift in Sources */ = {isa = PBXBuildFile; fileRef = F5E0856A03EF1C9953EE40FE /* AjustesView.swift */; };
		7B35DDE95D4280D2732C6E7C /* GmailInvoiceService.swift in Sources */ = {isa = PBXBuildFile; fileRef = 9CC8E7627E80C8770FA7246E /* GmailInvoiceService.swift */; };
		7B3EED2C27AE2E0C84BF8A67 /* Usuario.swift in Sources */ = {isa = PBXBuildFile; fileRef = 946FF5599F938DD0297A86E9 /* Usuario.swift */; };
		7D18AD59274B710B164E4A86 /* EmpresasView.swift in Sources */ = {isa = PBXBuildFile; fileRef = CA2C8D1A13EC02B65559F391 /* EmpresasView.swift */; };
		7F004CC17C1BA51C01473B55 /* InvoiceFileManager.swift in Sources */ = {isa = PBXBuildFile; fileRef = C4A8950DD3B39DBF48F138E1 /* InvoiceFileManager.swift */; };
		843BF2EE1AAD10EA67173619 /* LoginView.swift in Sources */ = {isa = PBXBuildFile; fileRef = 6A8F41EE0DFE8C98A5F99331 /* LoginView.swift */; };
		84BF896CCBDF98EB813DA97D /* BuscarView.swift in Sources */ = {isa = PBXBuildFile; fileRef = 49455D0E8C40C9EAD695FD6F /* BuscarView.swift */; };
		A38C78B3571EB01E7409A97B /* AuthEndpoint.swift in Sources */ = {isa = PBXBuildFile; fileRef = E129836EE8D4B90771A8A3C0 /* AuthEndpoint.swift */; };
		A6828DB9683D48A05A640ED7 /* GmailAuthManager.swift in Sources */ = {isa = PBXBuildFile; fileRef = 7FFC578B68F811C35B454593 /* GmailAuthManager.swift */; };
		AEAC35CC5D6CB3AE7A1330EB /* APIClient.swift in Sources */ = {isa = PBXBuildFile; fileRef = BF145B0F051520E7831F03FA /* APIClient.swift */; };
		B1FF6497D99D9621FED81B56 /* EmpresasEndpoint.swift in Sources */ = {isa = PBXBuildFile; fileRef = F73EC065480D5CFF1309F9AD /* EmpresasEndpoint.swift */; };
		B3337F7F66075C8FB14FEDDD /* ColaCuadresOffline.swift in Sources */ = {isa = PBXBuildFile; fileRef = 72085D9AEB4EBEB4A6EF1B5D /* ColaCuadresOffline.swift */; };
		B4EE295B28FE68D5A1C95D26 /* MailView.swift in Sources */ = {isa = PBXBuildFile; fileRef = F1407AFCA018A77F8FCA7E18 /* MailView.swift */; };
		C9D746D95DEAAC79A08CC692 /* EmpresaDetalleView.swift in Sources */ = {isa = PBXBuildFile; fileRef = 82A989F4E87E8C6E1358297B /* EmpresaDetalleView.swift */; };
		E8488584DCFABAC55BB23B7D /* Empresa.swift in Sources */ = {isa = PBXBuildFile; fileRef = B20614DCED1790AF79C41C4B /* Empresa.swift */; };
		EA137D3516B89FB03040840E /* ZIPFoundation in Frameworks */ = {isa = PBXBuildFile; productRef = 85CAB7C8A48F6976CF913077 /* ZIPFoundation */; };
		EAE4477C81DE652569F1A1E3 /* ProductoDetalleView.swift in Sources */ = {isa = PBXBuildFile; fileRef = 0466F4239B05200D780E3623 /* ProductoDetalleView.swift */; };
		F090FC17DE7D833B27DA0F32 /* FacturaCorreoDetalle.swift in Sources */ = {isa = PBXBuildFile; fileRef = 7EF50BB7D276BA3F14D810B8 /* FacturaCorreoDetalle.swift */; };
		FCC39FB124C4EF3EE2B74EEE /* CuadreCaja.swift in Sources */ = {isa = PBXBuildFile; fileRef = A6E3F6F85099907903E43E54 /* CuadreCaja.swift */; };
/* End PBXBuildFile section */

/* Begin PBXFileReference section */
		0466F4239B05200D780E3623 /* ProductoDetalleView.swift */ = {isa = PBXFileReference; lastKnownFileType = sourcecode.swift; path = ProductoDetalleView.swift; sourceTree = "<group>"; };
		072C222DFAC9B46C09CB496E /* CuadreCajaForm.swift */ = {isa = PBXFileReference; lastKnownFileType = sourcecode.swift; path = CuadreCajaForm.swift; sourceTree = "<group>"; };
		11FDCA83090A1C333D66062F /* ServerConfig.swift */ = {isa = PBXFileReference; lastKnownFileType = sourcecode.swift; path = ServerConfig.swift; sourceTree = "<group>"; };
		12233DB7E23CC18432B9AB99 /* MainScreen.swift */ = {isa = PBXFileReference; lastKnownFileType = sourcecode.swift; path = MainScreen.swift; sourceTree = "<group>"; };
		3C862E4928EE970BA179F777 /* CuadreCajaEndpoint.swift */ = {isa = PBXFileReference; lastKnownFileType = sourcecode.swift; path = CuadreCajaEndpoint.swift; sourceTree = "<group>"; };
		46C8C8ABDA1BE138F198FFE5 /* GmailInvoiceFetcher.swift */ = {isa = PBXFileReference; lastKnownFileType = sourcecode.swift; path = GmailInvoiceFetcher.swift; sourceTree = "<group>"; };
		49455D0E8C40C9EAD695FD6F /* BuscarView.swift */ = {isa = PBXFileReference; lastKnownFileType = sourcecode.swift; path = BuscarView.swift; sourceTree = "<group>"; };
		67FC05D6EBED6F1EC6308EAB /* ProductosEndpoint.swift */ = {isa = PBXFileReference; lastKnownFileType = sourcecode.swift; path = ProductosEndpoint.swift; sourceTree = "<group>"; };
		6A8F41EE0DFE8C98A5F99331 /* LoginView.swift */ = {isa = PBXFileReference; lastKnownFileType = sourcecode.swift; path = LoginView.swift; sourceTree = "<group>"; };
		72085D9AEB4EBEB4A6EF1B5D /* ColaCuadresOffline.swift */ = {isa = PBXFileReference; lastKnownFileType = sourcecode.swift; path = ColaCuadresOffline.swift; sourceTree = "<group>"; };
		7EF50BB7D276BA3F14D810B8 /* FacturaCorreoDetalle.swift */ = {isa = PBXFileReference; lastKnownFileType = sourcecode.swift; path = FacturaCorreoDetalle.swift; sourceTree = "<group>"; };
		7F4E14F22DD64746ADF2A56C /* OnboardingServidorView.swift */ = {isa = PBXFileReference; lastKnownFileType = sourcecode.swift; path = OnboardingServidorView.swift; sourceTree = "<group>"; };
		7FFC578B68F811C35B454593 /* GmailAuthManager.swift */ = {isa = PBXFileReference; lastKnownFileType = sourcecode.swift; path = GmailAuthManager.swift; sourceTree = "<group>"; };
		82A989F4E87E8C6E1358297B /* EmpresaDetalleView.swift */ = {isa = PBXFileReference; lastKnownFileType = sourcecode.swift; path = EmpresaDetalleView.swift; sourceTree = "<group>"; };
		8517E5990486A085C20D2B47 /* CuadreCajaHistorial.swift */ = {isa = PBXFileReference; lastKnownFileType = sourcecode.swift; path = CuadreCajaHistorial.swift; sourceTree = "<group>"; };
		946FF5599F938DD0297A86E9 /* Usuario.swift */ = {isa = PBXFileReference; lastKnownFileType = sourcecode.swift; path = Usuario.swift; sourceTree = "<group>"; };
		9CC8E7627E80C8770FA7246E /* GmailInvoiceService.swift */ = {isa = PBXFileReference; lastKnownFileType = sourcecode.swift; path = GmailInvoiceService.swift; sourceTree = "<group>"; };
		A6E3F6F85099907903E43E54 /* CuadreCaja.swift */ = {isa = PBXFileReference; lastKnownFileType = sourcecode.swift; path = CuadreCaja.swift; sourceTree = "<group>"; };
		B20614DCED1790AF79C41C4B /* Empresa.swift */ = {isa = PBXFileReference; lastKnownFileType = sourcecode.swift; path = Empresa.swift; sourceTree = "<group>"; };
		B6BBF739E562A81EBF5FA08D /* Producto.swift */ = {isa = PBXFileReference; lastKnownFileType = sourcecode.swift; path = Producto.swift; sourceTree = "<group>"; };
		BF145B0F051520E7831F03FA /* APIClient.swift */ = {isa = PBXFileReference; lastKnownFileType = sourcecode.swift; path = APIClient.swift; sourceTree = "<group>"; };
		C4A8950DD3B39DBF48F138E1 /* InvoiceFileManager.swift */ = {isa = PBXFileReference; lastKnownFileType = sourcecode.swift; path = InvoiceFileManager.swift; sourceTree = "<group>"; };
		CA2C8D1A13EC02B65559F391 /* EmpresasView.swift */ = {isa = PBXFileReference; lastKnownFileType = sourcecode.swift; path = EmpresasView.swift; sourceTree = "<group>"; };
		D4156C5E55E7B151F43C5BE7 /* ImportarXMLView.swift */ = {isa = PBXFileReference; lastKnownFileType = sourcecode.swift; path = ImportarXMLView.swift; sourceTree = "<group>"; };
		D47346BAFE6BA2B4B898A1C4 /* FacturaInvent2App.swift */ = {isa = PBXFileReference; lastKnownFileType = sourcecode.swift; path = FacturaInvent2App.swift; sourceTree = "<group>"; };
		D5AC16C148644D0788C666B1 /* AppState.swift */ = {isa = PBXFileReference; lastKnownFileType = sourcecode.swift; path = AppState.swift; sourceTree = "<group>"; };
		D786A01200B9F33146BA90AB /* MacOSSupport.swift */ = {isa = PBXFileReference; lastKnownFileType = sourcecode.swift; path = MacOSSupport.swift; sourceTree = "<group>"; };
		E129836EE8D4B90771A8A3C0 /* AuthEndpoint.swift */ = {isa = PBXFileReference; lastKnownFileType = sourcecode.swift; path = AuthEndpoint.swift; sourceTree = "<group>"; };
		ECF94F7D438CF7AA63FD89D1 /* Info.plist */ = {isa = PBXFileReference; lastKnownFileType = text.plist; path = Info.plist; sourceTree = "<group>"; };
		F1407AFCA018A77F8FCA7E18 /* MailView.swift */ = {isa = PBXFileReference; lastKnownFileType = sourcecode.swift; path = MailView.swift; sourceTree = "<group>"; };
		F4A19672CE3841542BF2F74A /* FacturaInvent2.app */ = {isa = PBXFileReference; includeInIndex = 0; lastKnownFileType = wrapper.application; path = FacturaInvent2.app; sourceTree = BUILT_PRODUCTS_DIR; };
		F5E0856A03EF1C9953EE40FE /* AjustesView.swift */ = {isa = PBXFileReference; lastKnownFileType = sourcecode.swift; path = AjustesView.swift; sourceTree = "<group>"; };
		F73EC065480D5CFF1309F9AD /* EmpresasEndpoint.swift */ = {isa = PBXFileReference; lastKnownFileType = sourcecode.swift; path = EmpresasEndpoint.swift; sourceTree = "<group>"; };
		FC82526AD97B8F24339859FF /* XMLFacturaParser.swift */ = {isa = PBXFileReference; lastKnownFileType = sourcecode.swift; path = XMLFacturaParser.swift; sourceTree = "<group>"; };
/* End PBXFileReference section */

/* Begin PBXFrameworksBuildPhase section */
		A93F91063387709D84BD8242 /* Frameworks */ = {
			isa = PBXFrameworksBuildPhase;
			buildActionMask = 2147483647;
			files = (
				5490E2AC07C79248C15D2F9A /* GoogleSignIn in Frameworks */,
				EA137D3516B89FB03040840E /* ZIPFoundation in Frameworks */,
			);
			runOnlyForDeploymentPostprocessing = 0;
		};
/* End PBXFrameworksBuildPhase section */

/* Begin PBXGroup section */
		03725760CDA8F5CEEDB30C02 /* Ajustes */ = {
			isa = PBXGroup;
			children = (
				F5E0856A03EF1C9953EE40FE /* AjustesView.swift */,
				6A8F41EE0DFE8C98A5F99331 /* LoginView.swift */,
				7F4E14F22DD64746ADF2A56C /* OnboardingServidorView.swift */,
			);
			path = Ajustes;
			sourceTree = "<group>";
		};
		0E7F8FD53B16004A2806989B = {
			isa = PBXGroup;
			children = (
				9FC006BDC42564B1736591D6 /* FacturaInvent2 */,
				A222A098E70627EC4AB4FC73 /* Products */,
			);
			sourceTree = "<group>";
		};
		134DAC831F28691657D9B8F7 /* CuadreCaja */ = {
			isa = PBXGroup;
			children = (
				072C222DFAC9B46C09CB496E /* CuadreCajaForm.swift */,
				8517E5990486A085C20D2B47 /* CuadreCajaHistorial.swift */,
			);
			path = CuadreCaja;
			sourceTree = "<group>";
		};
		20FA7210ED3C1D27B7C08098 /* Views */ = {
			isa = PBXGroup;
			children = (
				03725760CDA8F5CEEDB30C02 /* Ajustes */,
				6790F5525769075E33039083 /* Buscar */,
				134DAC831F28691657D9B8F7 /* CuadreCaja */,
				FBFDFB4788DFEF78672F1113 /* Empresas */,
				8B96E19AADCF2EF43E8EDC1A /* Gmail */,
				FEFF5C91F8E77CE367D15FAC /* Importar */,
				76A50D1D6E45A55D4F94F176 /* Main */,
				7BB00CF00B1C07D823A598AB /* Productos */,
			);
			path = Views;
			sourceTree = "<group>";
		};
		310F05885E0B61EFAC541FC6 /* Parsers */ = {
			isa = PBXGroup;
			children = (
				FC82526AD97B8F24339859FF /* XMLFacturaParser.swift */,
			);
			path = Parsers;
			sourceTree = "<group>";
		};
		4DB9E8F9EFBB6738F94E5536 /* Models */ = {
			isa = PBXGroup;
			children = (
				A6E3F6F85099907903E43E54 /* CuadreCaja.swift */,
				B20614DCED1790AF79C41C4B /* Empresa.swift */,
				B6BBF739E562A81EBF5FA08D /* Producto.swift */,
				946FF5599F938DD0297A86E9 /* Usuario.swift */,
			);
			path = Models;
			sourceTree = "<group>";
		};
		6790F5525769075E33039083 /* Buscar */ = {
			isa = PBXGroup;
			children = (
				49455D0E8C40C9EAD695FD6F /* BuscarView.swift */,
			);
			path = Buscar;
			sourceTree = "<group>";
		};
		6AB23CC972587028A2BBB95F /* Network */ = {
			isa = PBXGroup;
			children = (
				BF145B0F051520E7831F03FA /* APIClient.swift */,
				72085D9AEB4EBEB4A6EF1B5D /* ColaCuadresOffline.swift */,
				11FDCA83090A1C333D66062F /* ServerConfig.swift */,
				85C6917EAB5B3B5C63011B43 /* Endpoints */,
			);
			path = Network;
			sourceTree = "<group>";
		};
		6F39B4E3BB2953FC6EC29FFE /* App */ = {
			isa = PBXGroup;
			children = (
				D5AC16C148644D0788C666B1 /* AppState.swift */,
				D47346BAFE6BA2B4B898A1C4 /* FacturaInvent2App.swift */,
			);
			path = App;
			sourceTree = "<group>";
		};
		76A50D1D6E45A55D4F94F176 /* Main */ = {
			isa = PBXGroup;
			children = (
				D786A01200B9F33146BA90AB /* MacOSSupport.swift */,
				12233DB7E23CC18432B9AB99 /* MainScreen.swift */,
			);
			path = Main;
			sourceTree = "<group>";
		};
		7BB00CF00B1C07D823A598AB /* Productos */ = {
			isa = PBXGroup;
			children = (
				0466F4239B05200D780E3623 /* ProductoDetalleView.swift */,
			);
			path = Productos;
			sourceTree = "<group>";
		};
		85C6917EAB5B3B5C63011B43 /* Endpoints */ = {
			isa = PBXGroup;
			children = (
				E129836EE8D4B90771A8A3C0 /* AuthEndpoint.swift */,
				3C862E4928EE970BA179F777 /* CuadreCajaEndpoint.swift */,
				F73EC065480D5CFF1309F9AD /* EmpresasEndpoint.swift */,
				67FC05D6EBED6F1EC6308EAB /* ProductosEndpoint.swift */,
			);
			path = Endpoints;
			sourceTree = "<group>";
		};
		8B96E19AADCF2EF43E8EDC1A /* Gmail */ = {
			isa = PBXGroup;
			children = (
				7EF50BB7D276BA3F14D810B8 /* FacturaCorreoDetalle.swift */,
				7FFC578B68F811C35B454593 /* GmailAuthManager.swift */,
				46C8C8ABDA1BE138F198FFE5 /* GmailInvoiceFetcher.swift */,
				9CC8E7627E80C8770FA7246E /* GmailInvoiceService.swift */,
				C4A8950DD3B39DBF48F138E1 /* InvoiceFileManager.swift */,
				F1407AFCA018A77F8FCA7E18 /* MailView.swift */,
			);
			path = Gmail;
			sourceTree = "<group>";
		};
		9FC006BDC42564B1736591D6 /* FacturaInvent2 */ = {
			isa = PBXGroup;
			children = (
				ECF94F7D438CF7AA63FD89D1 /* Info.plist */,
				6F39B4E3BB2953FC6EC29FFE /* App */,
				4DB9E8F9EFBB6738F94E5536 /* Models */,
				6AB23CC972587028A2BBB95F /* Network */,
				310F05885E0B61EFAC541FC6 /* Parsers */,
				20FA7210ED3C1D27B7C08098 /* Views */,
			);
			path = FacturaInvent2;
			sourceTree = "<group>";
		};
		A222A098E70627EC4AB4FC73 /* Products */ = {
			isa = PBXGroup;
			children = (
				F4A19672CE3841542BF2F74A /* FacturaInvent2.app */,
			);
			name = Products;
			sourceTree = "<group>";
		};
		FBFDFB4788DFEF78672F1113 /* Empresas */ = {
			isa = PBXGroup;
			children = (
				82A989F4E87E8C6E1358297B /* EmpresaDetalleView.swift */,
				CA2C8D1A13EC02B65559F391 /* EmpresasView.swift */,
			);
			path = Empresas;
			sourceTree = "<group>";
		};
		FEFF5C91F8E77CE367D15FAC /* Importar */ = {
			isa = PBXGroup;
			children = (
				D4156C5E55E7B151F43C5BE7 /* ImportarXMLView.swift */,
			);
			path = Importar;
			sourceTree = "<group>";
		};
/* End PBXGroup section */

/* Begin PBXNativeTarget section */
		0E4D693C0B4FDE0FBF8D53BE /* FacturaInvent2 */ = {
			isa = PBXNativeTarget;
			buildConfigurationList = F15ECF7E53B5C8CDD0CFC246 /* Build configuration list for PBXNativeTarget "FacturaInvent2" */;
			buildPhases = (
				B456A15AA5B0ABDAF8D1241F /* Sources */,
				A93F91063387709D84BD8242 /* Frameworks */,
			);
			buildRules = (
			);
			dependencies = (
			);
			name = FacturaInvent2;
			packageProductDependencies = (
				06B7BBA2ECE48B1E8D57A963 /* GoogleSignIn */,
				85CAB7C8A48F6976CF913077 /* ZIPFoundation */,
			);
			productName = FacturaInvent2;
			productReference = F4A19672CE3841542BF2F74A /* FacturaInvent2.app */;
			productType = "com.apple.product-type.application";
		};
/* End PBXNativeTarget section */

/* Begin PBXProject section */
		76174A3292DF1903B7D77B59 /* Project object */ = {
			isa = PBXProject;
			attributes = {
				BuildIndependentTargetsInParallel = YES;
				LastUpgradeCheck = 1430;
				TargetAttributes = {
					0E4D693C0B4FDE0FBF8D53BE = {
						DevelopmentTeam = WFLZKCYTXB;
						ProvisioningStyle = Automatic;
					};
				};
			};
			buildConfigurationList = 0764A868380CD4585582372C /* Build configuration list for PBXProject "FacturaInvent2" */;
			developmentRegion = en;
			hasScannedForEncodings = 0;
			knownRegions = (
				Base,
				en,
			);
			mainGroup = 0E7F8FD53B16004A2806989B;
			minimizedProjectReferenceProxies = 1;
			packageReferences = (
				8FD0925112803DCC05FA3B30 /* XCRemoteSwiftPackageReference "GoogleSignIn-iOS" */,
				B7DFB9D1B92417E2EFAFEB80 /* XCRemoteSwiftPackageReference "ZIPFoundation" */,
			);
			preferredProjectObjectVersion = 77;
			productRefGroup = A222A098E70627EC4AB4FC73 /* Products */;
			projectDirPath = "";
			projectRoot = "";
			targets = (
				0E4D693C0B4FDE0FBF8D53BE /* FacturaInvent2 */,
			);
		};
/* End PBXProject section */

/* Begin PBXSourcesBuildPhase section */
		B456A15AA5B0ABDAF8D1241F /* Sources */ = {
			isa = PBXSourcesBuildPhase;
			buildActionMask = 2147483647;
			files = (
				AEAC35CC5D6CB3AE7A1330EB /* APIClient.swift in Sources */,
				6D520F474E406501D0087EA9 /* AjustesView.swift in Sources */,
				0EBD7E30405AD0405C872A3E /* AppState.swift in Sources */,
				A38C78B3571EB01E7409A97B /* AuthEndpoint.swift in Sources */,
				84BF896CCBDF98EB813DA97D /* BuscarView.swift in Sources */,
				B3337F7F66075C8FB14FEDDD /* ColaCuadresOffline.swift in Sources */,
				FCC39FB124C4EF3EE2B74EEE /* CuadreCaja.swift in Sources */,
				2916B883928C0E0406EBAB42 /* CuadreCajaEndpoint.swift in Sources */,
				657C5CA7EC1B09669C3ADECE /* CuadreCajaForm.swift in Sources */,
				57DE4EAD5E1B348FA4D65508 /* CuadreCajaHistorial.swift in Sources */,
				E8488584DCFABAC55BB23B7D /* Empresa.swift in Sources */,
				C9D746D95DEAAC79A08CC692 /* EmpresaDetalleView.swift in Sources */,
				B1FF6497D99D9621FED81B56 /* EmpresasEndpoint.swift in Sources */,
				7D18AD59274B710B164E4A86 /* EmpresasView.swift in Sources */,
				F090FC17DE7D833B27DA0F32 /* FacturaCorreoDetalle.swift in Sources */,
				3B3875B4A357197461752A77 /* FacturaInvent2App.swift in Sources */,
				A6828DB9683D48A05A640ED7 /* GmailAuthManager.swift in Sources */,
				4204DE21022D2CD9DF80944F /* GmailInvoiceFetcher.swift in Sources */,
				7B35DDE95D4280D2732C6E7C /* GmailInvoiceService.swift in Sources */,
				541C58482F5762267FD6AECD /* ImportarXMLView.swift in Sources */,
				7F004CC17C1BA51C01473B55 /* InvoiceFileManager.swift in Sources */,
				843BF2EE1AAD10EA67173619 /* LoginView.swift in Sources */,
				3D097910A98F69DB4A842225 /* MacOSSupport.swift in Sources */,
				B4EE295B28FE68D5A1C95D26 /* MailView.swift in Sources */,
				38729985F6F5BEF73C524205 /* MainScreen.swift in Sources */,
				1671E1D6B968196669110AC2 /* OnboardingServidorView.swift in Sources */,
				2B175427A674405E7EBAF65C /* Producto.swift in Sources */,
				EAE4477C81DE652569F1A1E3 /* ProductoDetalleView.swift in Sources */,
				3FBF70232546CA89736B8753 /* ProductosEndpoint.swift in Sources */,
				505681FDC13AE9C12E285DEB /* ServerConfig.swift in Sources */,
				7B3EED2C27AE2E0C84BF8A67 /* Usuario.swift in Sources */,
				5C4F2519F6F2EB55488023F4 /* XMLFacturaParser.swift in Sources */,
			);
			runOnlyForDeploymentPostprocessing = 0;
		};
/* End PBXSourcesBuildPhase section */

/* Begin XCBuildConfiguration section */
		18D879DCC75213399E44DC9B /* Debug */ = {
			isa = XCBuildConfiguration;
			buildSettings = {
				ASSETCATALOG_COMPILER_APPICON_NAME = AppIcon;
				"CODE_SIGN_ENTITLEMENTS[sdk=macosx*]" = FacturaInvent2/Catalyst.entitlements;
				CODE_SIGN_IDENTITY = "iPhone Developer";
				CODE_SIGN_STYLE = Automatic;
				CURRENT_PROJECT_VERSION = 1;
				DERIVE_MACCATALYST_PRODUCT_BUNDLE_IDENTIFIER = YES;
				DEVELOPMENT_TEAM = WFLZKCYTXB;
				INFOPLIST_FILE = FacturaInvent2/Info.plist;
				INFOPLIST_KEY_LSApplicationCategoryType = "public.app-category.business";
				LD_RUNPATH_SEARCH_PATHS = (
					"$(inherited)",
					"@executable_path/Frameworks",
				);
				MARKETING_VERSION = 2.0;
				PRODUCT_BUNDLE_IDENTIFIER = Miguel.FacturaInvent2;
				SDKROOT = iphoneos;
				SUPPORTS_MACCATALYST = YES;
				SWIFT_VERSION = 5.0;
				TARGETED_DEVICE_FAMILY = "1,2";
			};
			name = Debug;
		};
		825F133B50C104CE544B23AC /* Debug */ = {
			isa = XCBuildConfiguration;
			buildSettings = {
				ALWAYS_SEARCH_USER_PATHS = NO;
				CLANG_ANALYZER_NONNULL = YES;
				CLANG_ANALYZER_NUMBER_OBJECT_CONVERSION = YES_AGGRESSIVE;
				CLANG_CXX_LANGUAGE_STANDARD = "gnu++14";
				CLANG_CXX_LIBRARY = "libc++";
				CLANG_ENABLE_MODULES = YES;
				CLANG_ENABLE_OBJC_ARC = YES;
				CLANG_ENABLE_OBJC_WEAK = YES;
				CLANG_WARN_BLOCK_CAPTURE_AUTORELEASING = YES;
				CLANG_WARN_BOOL_CONVERSION = YES;
				CLANG_WARN_COMMA = YES;
				CLANG_WARN_CONSTANT_CONVERSION = YES;
				CLANG_WARN_DEPRECATED_OBJC_IMPLEMENTATIONS = YES;
				CLANG_WARN_DIRECT_OBJC_ISA_USAGE = YES_ERROR;
				CLANG_WARN_DOCUMENTATION_COMMENTS = YES;
				CLANG_WARN_EMPTY_BODY = YES;
				CLANG_WARN_ENUM_CONVERSION = YES;
				CLANG_WARN_INFINITE_RECURSION = YES;
				CLANG_WARN_INT_CONVERSION = YES;
				CLANG_WARN_NON_LITERAL_NULL_CONVERSION = YES;
				CLANG_WARN_OBJC_IMPLICIT_RETAIN_SELF = YES;
				CLANG_WARN_OBJC_LITERAL_CONVERSION = YES;
				CLANG_WARN_OBJC_ROOT_CLASS = YES_ERROR;
				CLANG_WARN_QUOTED_INCLUDE_IN_FRAMEWORK_HEADER = YES;
				CLANG_WARN_RANGE_LOOP_ANALYSIS = YES;
				CLANG_WARN_STRICT_PROTOTYPES = YES;
				CLANG_WARN_SUSPICIOUS_MOVE = YES;
				CLANG_WARN_UNGUARDED_AVAILABILITY = YES_AGGRESSIVE;
				CLANG_WARN_UNREACHABLE_CODE = YES;
				CLANG_WARN__DUPLICATE_METHOD_MATCH = YES;
				COPY_PHASE_STRIP = NO;
				DEBUG_INFORMATION_FORMAT = dwarf;
				ENABLE_STRICT_OBJC_MSGSEND = YES;
				ENABLE_TESTABILITY = YES;
				GCC_C_LANGUAGE_STANDARD = gnu11;
				GCC_DYNAMIC_NO_PIC = NO;
				GCC_NO_COMMON_BLOCKS = YES;
				GCC_OPTIMIZATION_LEVEL = 0;
				GCC_PREPROCESSOR_DEFINITIONS = (
					"$(inherited)",
					"DEBUG=1",
				);
				GCC_WARN_64_TO_32_BIT_CONVERSION = YES;
				GCC_WARN_ABOUT_RETURN_TYPE = YES_ERROR;
				GCC_WARN_UNDECLARED_SELECTOR = YES;
				GCC_WARN_UNINITIALIZED_AUTOS = YES_AGGRESSIVE;
				GCC_WARN_UNUSED_FUNCTION = YES;
				GCC_WARN_UNUSED_VARIABLE = YES;
				IPHONEOS_DEPLOYMENT_TARGET = 18.0;
				MTL_ENABLE_DEBUG_INFO = INCLUDE_SOURCE;
				MTL_FAST_MATH = YES;
				ONLY_ACTIVE_ARCH = YES;
				PRODUCT_NAME = "$(TARGET_NAME)";
				SDKROOT = iphoneos;
				SWIFT_ACTIVE_COMPILATION_CONDITIONS = DEBUG;
				SWIFT_OPTIMIZATION_LEVEL = "-Onone";
				SWIFT_VERSION = 5.0;
			};
			name = Debug;
		};
		88A12E4B0E63BF437640D17E /* Release */ = {
			isa = XCBuildConfiguration;
			buildSettings = {
				ALWAYS_SEARCH_USER_PATHS = NO;
				CLANG_ANALYZER_NONNULL = YES;
				CLANG_ANALYZER_NUMBER_OBJECT_CONVERSION = YES_AGGRESSIVE;
				CLANG_CXX_LANGUAGE_STANDARD = "gnu++14";
				CLANG_CXX_LIBRARY = "libc++";
				CLANG_ENABLE_MODULES = YES;
				CLANG_ENABLE_OBJC_ARC = YES;
				CLANG_ENABLE_OBJC_WEAK = YES;
				CLANG_WARN_BLOCK_CAPTURE_AUTORELEASING = YES;
				CLANG_WARN_BOOL_CONVERSION = YES;
				CLANG_WARN_COMMA = YES;
				CLANG_WARN_CONSTANT_CONVERSION = YES;
				CLANG_WARN_DEPRECATED_OBJC_IMPLEMENTATIONS = YES;
				CLANG_WARN_DIRECT_OBJC_ISA_USAGE = YES_ERROR;
				CLANG_WARN_DOCUMENTATION_COMMENTS = YES;
				CLANG_WARN_EMPTY_BODY = YES;
				CLANG_WARN_ENUM_CONVERSION = YES;
				CLANG_WARN_INFINITE_RECURSION = YES;
				CLANG_WARN_INT_CONVERSION = YES;
				CLANG_WARN_NON_LITERAL_NULL_CONVERSION = YES;
				CLANG_WARN_OBJC_IMPLICIT_RETAIN_SELF = YES;
				CLANG_WARN_OBJC_LITERAL_CONVERSION = YES;
				CLANG_WARN_OBJC_ROOT_CLASS = YES_ERROR;
				CLANG_WARN_QUOTED_INCLUDE_IN_FRAMEWORK_HEADER = YES;
				CLANG_WARN_RANGE_LOOP_ANALYSIS = YES;
				CLANG_WARN_STRICT_PROTOTYPES = YES;
				CLANG_WARN_SUSPICIOUS_MOVE = YES;
				CLANG_WARN_UNGUARDED_AVAILABILITY = YES_AGGRESSIVE;
				CLANG_WARN_UNREACHABLE_CODE = YES;
				CLANG_WARN__DUPLICATE_METHOD_MATCH = YES;
				COPY_PHASE_STRIP = NO;
				DEBUG_INFORMATION_FORMAT = "dwarf-with-dsym";
				ENABLE_NS_ASSERTIONS = NO;
				ENABLE_STRICT_OBJC_MSGSEND = YES;
				GCC_C_LANGUAGE_STANDARD = gnu11;
				GCC_NO_COMMON_BLOCKS = YES;
				GCC_WARN_64_TO_32_BIT_CONVERSION = YES;
				GCC_WARN_ABOUT_RETURN_TYPE = YES_ERROR;
				GCC_WARN_UNDECLARED_SELECTOR = YES;
				GCC_WARN_UNINITIALIZED_AUTOS = YES_AGGRESSIVE;
				GCC_WARN_UNUSED_FUNCTION = YES;
				GCC_WARN_UNUSED_VARIABLE = YES;
				IPHONEOS_DEPLOYMENT_TARGET = 18.0;
				MTL_ENABLE_DEBUG_INFO = NO;
				MTL_FAST_MATH = YES;
				PRODUCT_NAME = "$(TARGET_NAME)";
				SDKROOT = iphoneos;
				SWIFT_COMPILATION_MODE = wholemodule;
				SWIFT_OPTIMIZATION_LEVEL = "-O";
				SWIFT_VERSION = 5.0;
			};
			name = Release;
		};
		94997C4EB0D636F1303BBAD7 /* Release */ = {
			isa = XCBuildConfiguration;
			buildSettings = {
				ASSETCATALOG_COMPILER_APPICON_NAME = AppIcon;
				"CODE_SIGN_ENTITLEMENTS[sdk=macosx*]" = FacturaInvent2/Catalyst.entitlements;
				CODE_SIGN_IDENTITY = "iPhone Developer";
				CODE_SIGN_STYLE = Automatic;
				CURRENT_PROJECT_VERSION = 1;
				DERIVE_MACCATALYST_PRODUCT_BUNDLE_IDENTIFIER = YES;
				DEVELOPMENT_TEAM = WFLZKCYTXB;
				INFOPLIST_FILE = FacturaInvent2/Info.plist;
				INFOPLIST_KEY_LSApplicationCategoryType = "public.app-category.business";
				LD_RUNPATH_SEARCH_PATHS = (
					"$(inherited)",
					"@executable_path/Frameworks",
				);
				MARKETING_VERSION = 2.0;
				PRODUCT_BUNDLE_IDENTIFIER = Miguel.FacturaInvent2;
				SDKROOT = iphoneos;
				SUPPORTS_MACCATALYST = YES;
				SWIFT_VERSION = 5.0;
				TARGETED_DEVICE_FAMILY = "1,2";
			};
			name = Release;
		};
/* End XCBuildConfiguration section */

/* Begin XCConfigurationList section */
		0764A868380CD4585582372C /* Build configuration list for PBXProject "FacturaInvent2" */ = {
			isa = XCConfigurationList;
			buildConfigurations = (
				825F133B50C104CE544B23AC /* Debug */,
				88A12E4B0E63BF437640D17E /* Release */,
			);
			defaultConfigurationIsVisible = 0;
			defaultConfigurationName = Debug;
		};
		F15ECF7E53B5C8CDD0CFC246 /* Build configuration list for PBXNativeTarget "FacturaInvent2" */ = {
			isa = XCConfigurationList;
			buildConfigurations = (
				18D879DCC75213399E44DC9B /* Debug */,
				94997C4EB0D636F1303BBAD7 /* Release */,
			);
			defaultConfigurationIsVisible = 0;
			defaultConfigurationName = Debug;
		};
/* End XCConfigurationList section */

/* Begin XCRemoteSwiftPackageReference section */
		8FD0925112803DCC05FA3B30 /* XCRemoteSwiftPackageReference "GoogleSignIn-iOS" */ = {
			isa = XCRemoteSwiftPackageReference;
			repositoryURL = "https://github.com/google/GoogleSignIn-iOS";
			requirement = {
				kind = upToNextMajorVersion;
				minimumVersion = 9.1.0;
			};
		};
		B7DFB9D1B92417E2EFAFEB80 /* XCRemoteSwiftPackageReference "ZIPFoundation" */ = {
			isa = XCRemoteSwiftPackageReference;
			repositoryURL = "https://github.com/weichsel/ZIPFoundation";
			requirement = {
				kind = upToNextMajorVersion;
				minimumVersion = 0.9.20;
			};
		};
/* End XCRemoteSwiftPackageReference section */

/* Begin XCSwiftPackageProductDependency section */
		06B7BBA2ECE48B1E8D57A963 /* GoogleSignIn */ = {
			isa = XCSwiftPackageProductDependency;
			package = 8FD0925112803DCC05FA3B30 /* XCRemoteSwiftPackageReference "GoogleSignIn-iOS" */;
			productName = GoogleSignIn;
		};
		85CAB7C8A48F6976CF913077 /* ZIPFoundation */ = {
			isa = XCSwiftPackageProductDependency;
			package = B7DFB9D1B92417E2EFAFEB80 /* XCRemoteSwiftPackageReference "ZIPFoundation" */;
			productName = ZIPFoundation;
		};
/* End XCSwiftPackageProductDependency section */
	};
	rootObject = 76174A3292DF1903B7D77B59 /* Project object */;
}
